<?xml version="1.0" encoding="UTF-8"?>
<!DOCTYPE plist PUBLIC "-//Apple//DTD PLIST 1.0//EN" "http://www.apple.com/DTDs/PropertyList-1.0.dtd">
<plist version="1.0">
<dict>
	<key>hostname</key>
	<string>Nielss-iMac.local</string>
	<key>hostuuid</key>
	<string>BAEE24DD-A093-5CE0-8AF3-8EDAF27ACF62</string>
	<key>pid</key>
	<integer>33435</integer>
	<key>processname</key>
	<string>photolibraryd</string>
	<key>uid</key>
	<integer>501</integer>
</dict>
</plist>
