// !$*UTF8*$!
{
	archiveVersion = 1;
	classes = {
	};
	objectVersion = 55;
	objects = {

/* Begin PBXBuildFile section */
		0C2C15DA132265F3B17F426E /* Pods_CryptoFolio.framework in Frameworks */ = {isa = PBXBuildFile; fileRef = DAF17ECA21F4DA802DD50D9A /* Pods_CryptoFolio.framework */; };
		34119B70277E673900C9042F /* CoinViewModel.swift in Sources */ = {isa = PBXBuildFile; fileRef = 34119B6F277E673900C9042F /* CoinViewModel.swift */; };
		34119B72277E6B8000C9042F /* CoinDetailView.swift in Sources */ = {isa = PBXBuildFile; fileRef = 34119B71277E6B8000C9042F /* CoinDetailView.swift */; };
		34119B762786654C00C9042F /* SwiftUICharts in Frameworks */ = {isa = PBXBuildFile; productRef = 34119B752786654C00C9042F /* SwiftUICharts */; };
		347D12072778C6B8008B8FDB /* LoginViewModel.swift in Sources */ = {isa = PBXBuildFile; fileRef = 347D12062778C6B8008B8FDB /* LoginViewModel.swift */; };
		347D12092778CD44008B8FDB /* ParentView.swift in Sources */ = {isa = PBXBuildFile; fileRef = 347D12082778CD44008B8FDB /* ParentView.swift */; };
		347D120C2778CDC2008B8FDB /* LoginView.swift in Sources */ = {isa = PBXBuildFile; fileRef = 347D120B2778CDC2008B8FDB /* LoginView.swift */; };
		347D120E2778CE06008B8FDB /* CoinListView.swift in Sources */ = {isa = PBXBuildFile; fileRef = 347D120D2778CE06008B8FDB /* CoinListView.swift */; };
		347D12102778CEAB008B8FDB /* ViewRouter.swift in Sources */ = {isa = PBXBuildFile; fileRef = 347D120F2778CEAB008B8FDB /* ViewRouter.swift */; };
		347D12122778CF0C008B8FDB /* Page.swift in Sources */ = {isa = PBXBuildFile; fileRef = 347D12112778CF0C008B8FDB /* Page.swift */; };
		347D12142778E061008B8FDB /* Credentials.swift in Sources */ = {isa = PBXBuildFile; fileRef = 347D12132778E061008B8FDB /* Credentials.swift */; };
		347D12172778F0A2008B8FDB /* UserAPI.swift in Sources */ = {isa = PBXBuildFile; fileRef = 347D12162778F0A2008B8FDB /* UserAPI.swift */; };
		347D121B27792B15008B8FDB /* CoinAPI.swift in Sources */ = {isa = PBXBuildFile; fileRef = 347D121A27792B15008B8FDB /* CoinAPI.swift */; };
		347D121D277932DE008B8FDB /* Coin.swift in Sources */ = {isa = PBXBuildFile; fileRef = 347D121C277932DE008B8FDB /* Coin.swift */; };
		347D121F2779397B008B8FDB /* CoinListViewModel.swift in Sources */ = {isa = PBXBuildFile; fileRef = 347D121E2779397B008B8FDB /* CoinListViewModel.swift */; };
		347E0DCD2777833E00A26C8A /* CryptoFolioApp.swift in Sources */ = {isa = PBXBuildFile; fileRef = 347E0DCC2777833E00A26C8A /* CryptoFolioApp.swift */; };
		347E0DD12777834000A26C8A /* Assets.xcassets in Resources */ = {isa = PBXBuildFile; fileRef = 347E0DD02777834000A26C8A /* Assets.xcassets */; };
		347E0DD42777834000A26C8A /* Preview Assets.xcassets in Resources */ = {isa = PBXBuildFile; fileRef = 347E0DD32777834000A26C8A /* Preview Assets.xcassets */; };
/* End PBXBuildFile section */

/* Begin PBXFileReference section */
		34119B6F277E673900C9042F /* CoinViewModel.swift */ = {isa = PBXFileReference; lastKnownFileType = sourcecode.swift; path = CoinViewModel.swift; sourceTree = "<group>"; };
		34119B71277E6B8000C9042F /* CoinDetailView.swift */ = {isa = PBXFileReference; lastKnownFileType = sourcecode.swift; path = CoinDetailView.swift; sourceTree = "<group>"; };
		34119B742786600800C9042F /* SwiftUICharts */ = {isa = PBXFileReference; lastKnownFileType = folder; name = SwiftUICharts; path = ../../../Desktop/SwiftUICharts; sourceTree = "<group>"; };
		347D12062778C6B8008B8FDB /* LoginViewModel.swift */ = {isa = PBXFileReference; lastKnownFileType = sourcecode.swift; path = LoginViewModel.swift; sourceTree = "<group>"; };
		347D12082778CD44008B8FDB /* ParentView.swift */ = {isa = PBXFileReference; lastKnownFileType = sourcecode.swift; path = ParentView.swift; sourceTree = "<group>"; };
		347D120B2778CDC2008B8FDB /* LoginView.swift */ = {isa = PBXFileReference; lastKnownFileType = sourcecode.swift; path = LoginView.swift; sourceTree = "<group>"; };
		347D120D2778CE06008B8FDB /* CoinListView.swift */ = {isa = PBXFileReference; lastKnownFileType = sourcecode.swift; path = CoinListView.swift; sourceTree = "<group>"; };
		347D120F2778CEAB008B8FDB /* ViewRouter.swift */ = {isa = PBXFileReference; lastKnownFileType = sourcecode.swift; path = ViewRouter.swift; sourceTree = "<group>"; };
		347D12112778CF0C008B8FDB /* Page.swift */ = {isa = PBXFileReference; lastKnownFileType = sourcecode.swift; path = Page.swift; sourceTree = "<group>"; };
		347D12132778E061008B8FDB /* Credentials.swift */ = {isa = PBXFileReference; lastKnownFileType = sourcecode.swift; path = Credentials.swift; sourceTree = "<group>"; };
		347D12162778F0A2008B8FDB /* UserAPI.swift */ = {isa = PBXFileReference; fileEncoding = 4; lastKnownFileType = sourcecode.swift; path = UserAPI.swift; sourceTree = "<group>"; };
		347D121A27792B15008B8FDB /* CoinAPI.swift */ = {isa = PBXFileReference; lastKnownFileType = sourcecode.swift; path = CoinAPI.swift; sourceTree = "<group>"; };
		347D121C277932DE008B8FDB /* Coin.swift */ = {isa = PBXFileReference; lastKnownFileType = sourcecode.swift; path = Coin.swift; sourceTree = "<group>"; };
		347D121E2779397B008B8FDB /* CoinListViewModel.swift */ = {isa = PBXFileReference; lastKnownFileType = sourcecode.swift; path = CoinListViewModel.swift; sourceTree = "<group>"; };
		347E0DC92777833E00A26C8A /* CryptoFolio.app */ = {isa = PBXFileReference; explicitFileType = wrapper.application; includeInIndex = 0; path = CryptoFolio.app; sourceTree = BUILT_PRODUCTS_DIR; };
		347E0DCC2777833E00A26C8A /* CryptoFolioApp.swift */ = {isa = PBXFileReference; lastKnownFileType = sourcecode.swift; path = CryptoFolioApp.swift; sourceTree = "<group>"; };
		347E0DD02777834000A26C8A /* Assets.xcassets */ = {isa = PBXFileReference; lastKnownFileType = folder.assetcatalog; path = Assets.xcassets; sourceTree = "<group>"; };
		347E0DD32777834000A26C8A /* Preview Assets.xcassets */ = {isa = PBXFileReference; lastKnownFileType = folder.assetcatalog; path = "Preview Assets.xcassets"; sourceTree = "<group>"; };
		462551541ED4C432FAAF890E /* Pods-CryptoFolio.debug.xcconfig */ = {isa = PBXFileReference; includeInIndex = 1; lastKnownFileType = text.xcconfig; name = "Pods-CryptoFolio.debug.xcconfig"; path = "Target Support Files/Pods-CryptoFolio/Pods-CryptoFolio.debug.xcconfig"; sourceTree = "<group>"; };
		DAF17ECA21F4DA802DD50D9A /* Pods_CryptoFolio.framework */ = {isa = PBXFileReference; explicitFileType = wrapper.framework; includeInIndex = 0; path = Pods_CryptoFolio.framework; sourceTree = BUILT_PRODUCTS_DIR; };
		E684D1B2870E6A5330F6F45C /* Pods-CryptoFolio.release.xcconfig */ = {isa = PBXFileReference; includeInIndex = 1; lastKnownFileType = text.xcconfig; name = "Pods-CryptoFolio.release.xcconfig"; path = "Target Support Files/Pods-CryptoFolio/Pods-CryptoFolio.release.xcconfig"; sourceTree = "<group>"; };
/* End PBXFileReference section */

/* Begin PBXFrameworksBuildPhase section */
		347E0DC62777833E00A26C8A /* Frameworks */ = {
			isa = PBXFrameworksBuildPhase;
			buildActionMask = 2147483647;
			files = (
				0C2C15DA132265F3B17F426E /* Pods_CryptoFolio.framework in Frameworks */,
				34119B762786654C00C9042F /* SwiftUICharts in Frameworks */,
			);
			runOnlyForDeploymentPostprocessing = 0;
		};
/* End PBXFrameworksBuildPhase section */

/* Begin PBXGroup section */
		34119B732786600800C9042F /* Packages */ = {
			isa = PBXGroup;
			children = (
				34119B742786600800C9042F /* SwiftUICharts */,
			);
			name = Packages;
			sourceTree = "<group>";
		};
		347D12032778C61E008B8FDB /* Models */ = {
			isa = PBXGroup;
			children = (
				347D12132778E061008B8FDB /* Credentials.swift */,
				347D121C277932DE008B8FDB /* Coin.swift */,
			);
			path = Models;
			sourceTree = "<group>";
		};
		347D12052778C695008B8FDB /* ViewModels */ = {
			isa = PBXGroup;
			children = (
				347D12062778C6B8008B8FDB /* LoginViewModel.swift */,
				347D121E2779397B008B8FDB /* CoinListViewModel.swift */,
				34119B6F277E673900C9042F /* CoinViewModel.swift */,
			);
			path = ViewModels;
			sourceTree = "<group>";
		};
		347D120A2778CD67008B8FDB /* Views */ = {
			isa = PBXGroup;
			children = (
				347D12082778CD44008B8FDB /* ParentView.swift */,
				347D120B2778CDC2008B8FDB /* LoginView.swift */,
				347D120D2778CE06008B8FDB /* CoinListView.swift */,
				347D120F2778CEAB008B8FDB /* ViewRouter.swift */,
				347D12112778CF0C008B8FDB /* Page.swift */,
				34119B71277E6B8000C9042F /* CoinDetailView.swift */,
			);
			path = Views;
			sourceTree = "<group>";
		};
		347D12152778F084008B8FDB /* services */ = {
			isa = PBXGroup;
			children = (
				347D12162778F0A2008B8FDB /* UserAPI.swift */,
				347D121A27792B15008B8FDB /* CoinAPI.swift */,
			);
			name = services;
			path = ../services;
			sourceTree = "<group>";
		};
		347E0DC02777833E00A26C8A = {
			isa = PBXGroup;
			children = (
				34119B732786600800C9042F /* Packages */,
				347E0DCB2777833E00A26C8A /* CryptoFolio */,
				347E0DCA2777833E00A26C8A /* Products */,
				AE89010B76E15EBE83061951 /* Pods */,
				D7DC8CA617869269269ACA83 /* Frameworks */,
			);
			sourceTree = "<group>";
		};
		347E0DCA2777833E00A26C8A /* Products */ = {
			isa = PBXGroup;
			children = (
				347E0DC92777833E00A26C8A /* CryptoFolio.app */,
			);
			name = Products;
			sourceTree = "<group>";
		};
		347E0DCB2777833E00A26C8A /* CryptoFolio */ = {
			isa = PBXGroup;
			children = (
				347D12152778F084008B8FDB /* services */,
				347D120A2778CD67008B8FDB /* Views */,
				347D12052778C695008B8FDB /* ViewModels */,
				347D12032778C61E008B8FDB /* Models */,
				347E0DCC2777833E00A26C8A /* CryptoFolioApp.swift */,
				347E0DD02777834000A26C8A /* Assets.xcassets */,
				347E0DD22777834000A26C8A /* Preview Content */,
			);
			path = CryptoFolio;
			sourceTree = "<group>";
		};
		347E0DD22777834000A26C8A /* Preview Content */ = {
			isa = PBXGroup;
			children = (
				347E0DD32777834000A26C8A /* Preview Assets.xcassets */,
			);
			path = "Preview Content";
			sourceTree = "<group>";
		};
		AE89010B76E15EBE83061951 /* Pods */ = {
			isa = PBXGroup;
			children = (
				462551541ED4C432FAAF890E /* Pods-CryptoFolio.debug.xcconfig */,
				E684D1B2870E6A5330F6F45C /* Pods-CryptoFolio.release.xcconfig */,
			);
			path = Pods;
			sourceTree = "<group>";
		};
		D7DC8CA617869269269ACA83 /* Frameworks */ = {
			isa = PBXGroup;
			children = (
				DAF17ECA21F4DA802DD50D9A /* Pods_CryptoFolio.framework */,
			);
			name = Frameworks;
			sourceTree = "<group>";
		};
/* End PBXGroup section */

/* Begin PBXNativeTarget section */
		347E0DC82777833E00A26C8A /* CryptoFolio */ = {
			isa = PBXNativeTarget;
			buildConfigurationList = 347E0DD72777834000A26C8A /* Build configuration list for PBXNativeTarget "CryptoFolio" */;
			buildPhases = (
				DEF56E0BFC1E95D2728B7E5D /* [CP] Check Pods Manifest.lock */,
				347E0DC52777833E00A26C8A /* Sources */,
				347E0DC62777833E00A26C8A /* Frameworks */,
				347E0DC72777833E00A26C8A /* Resources */,
				9911DB5E708524553A81BD4E /* [CP] Embed Pods Frameworks */,
			);
			buildRules = (
			);
			dependencies = (
			);
			name = CryptoFolio;
			packageProductDependencies = (
				34119B752786654C00C9042F /* SwiftUICharts */,
			);
			productName = CryptoFolio;
			productReference = 347E0DC92777833E00A26C8A /* CryptoFolio.app */;
			productType = "com.apple.product-type.application";
		};
/* End PBXNativeTarget section */

/* Begin PBXProject section */
		347E0DC12777833E00A26C8A /* Project object */ = {
			isa = PBXProject;
			attributes = {
				BuildIndependentTargetsInParallel = 1;
				LastSwiftUpdateCheck = 1300;
				LastUpgradeCheck = 1300;
				TargetAttributes = {
					347E0DC82777833E00A26C8A = {
						CreatedOnToolsVersion = 13.0;
					};
				};
			};
			buildConfigurationList = 347E0DC42777833E00A26C8A /* Build configuration list for PBXProject "CryptoFolio" */;
			compatibilityVersion = "Xcode 13.0";
			developmentRegion = en;
			hasScannedForEncodings = 0;
			knownRegions = (
				en,
				Base,
			);
			mainGroup = 347E0DC02777833E00A26C8A;
			productRefGroup = 347E0DCA2777833E00A26C8A /* Products */;
			projectDirPath = "";
			projectRoot = "";
			targets = (
				347E0DC82777833E00A26C8A /* CryptoFolio */,
			);
		};
/* End PBXProject section */

/* Begin PBXResourcesBuildPhase section */
		347E0DC72777833E00A26C8A /* Resources */ = {
			isa = PBXResourcesBuildPhase;
			buildActionMask = 2147483647;
			files = (
				347E0DD42777834000A26C8A /* Preview Assets.xcassets in Resources */,
				347E0DD12777834000A26C8A /* Assets.xcassets in Resources */,
			);
			runOnlyForDeploymentPostprocessing = 0;
		};
/* End PBXResourcesBuildPhase section */

/* Begin PBXShellScriptBuildPhase section */
		9911DB5E708524553A81BD4E /* [CP] Embed Pods Frameworks */ = {
			isa = PBXShellScriptBuildPhase;
			buildActionMask = 2147483647;
			files = (
			);
			inputFileListPaths = (
				"${PODS_ROOT}/Target Support Files/Pods-CryptoFolio/Pods-CryptoFolio-frameworks-${CONFIGURATION}-input-files.xcfilelist",
			);
			name = "[CP] Embed Pods Frameworks";
			outputFileListPaths = (
				"${PODS_ROOT}/Target Support Files/Pods-CryptoFolio/Pods-CryptoFolio-frameworks-${CONFIGURATION}-output-files.xcfilelist",
			);
			runOnlyForDeploymentPostprocessing = 0;
			shellPath = /bin/sh;
			shellScript = "\"${PODS_ROOT}/Target Support Files/Pods-CryptoFolio/Pods-CryptoFolio-frameworks.sh\"\n";
			showEnvVarsInLog = 0;
		};
		DEF56E0BFC1E95D2728B7E5D /* [CP] Check Pods Manifest.lock */ = {
			isa = PBXShellScriptBuildPhase;
			buildActionMask = 2147483647;
			files = (
			);
			inputFileListPaths = (
			);
			inputPaths = (
				"${PODS_PODFILE_DIR_PATH}/Podfile.lock",
				"${PODS_ROOT}/Manifest.lock",
			);
			name = "[CP] Check Pods Manifest.lock";
			outputFileListPaths = (
			);
			outputPaths = (
				"$(DERIVED_FILE_DIR)/Pods-CryptoFolio-checkManifestLockResult.txt",
			);
			runOnlyForDeploymentPostprocessing = 0;
			shellPath = /bin/sh;
			shellScript = "diff \"${PODS_PODFILE_DIR_PATH}/Podfile.lock\" \"${PODS_ROOT}/Manifest.lock\" > /dev/null\nif [ $? != 0 ] ; then\n    # print error to STDERR\n    echo \"error: The sandbox is not in sync with the Podfile.lock. Run 'pod install' or update your CocoaPods installation.\" >&2\n    exit 1\nfi\n# This output is used by Xcode 'outputs' to avoid re-running this script phase.\necho \"SUCCESS\" > \"${SCRIPT_OUTPUT_FILE_0}\"\n";
			showEnvVarsInLog = 0;
		};
/* End PBXShellScriptBuildPhase section */

/* Begin PBXSourcesBuildPhase section */
		347E0DC52777833E00A26C8A /* Sources */ = {
			isa = PBXSourcesBuildPhase;
			buildActionMask = 2147483647;
			files = (
				347D12092778CD44008B8FDB /* ParentView.swift in Sources */,
				347D121F2779397B008B8FDB /* CoinListViewModel.swift in Sources */,
				347D12102778CEAB008B8FDB /* ViewRouter.swift in Sources */,
				347D12142778E061008B8FDB /* Credentials.swift in Sources */,
				347D12122778CF0C008B8FDB /* Page.swift in Sources */,
				347E0DCD2777833E00A26C8A /* CryptoFolioApp.swift in Sources */,
				347D121D277932DE008B8FDB /* Coin.swift in Sources */,
				34119B72277E6B8000C9042F /* CoinDetailView.swift in Sources */,
				347D121B27792B15008B8FDB /* CoinAPI.swift in Sources */,
				34119B70277E673900C9042F /* CoinViewModel.swift in Sources */,
				347D120C2778CDC2008B8FDB /* LoginView.swift in Sources */,
				347D12072778C6B8008B8FDB /* LoginViewModel.swift in Sources */,
				347D120E2778CE06008B8FDB /* CoinListView.swift in Sources */,
				347D12172778F0A2008B8FDB /* UserAPI.swift in Sources */,
			);
			runOnlyForDeploymentPostprocessing = 0;
		};
/* End PBXSourcesBuildPhase section */

/* Begin XCBuildConfiguration section */
		347E0DD52777834000A26C8A /* Debug */ = {
			isa = XCBuildConfiguration;
			buildSettings = {
				ALWAYS_SEARCH_USER_PATHS = NO;
				CLANG_ANALYZER_NONNULL = YES;
				CLANG_ANALYZER_NUMBER_OBJECT_CONVERSION = YES_AGGRESSIVE;
				CLANG_CXX_LANGUAGE_STANDARD = "gnu++17";
				CLANG_CXX_LIBRARY = "libc++";
				CLANG_ENABLE_MODULES = YES;
				CLANG_ENABLE_OBJC_ARC = YES;
				CLANG_ENABLE_OBJC_WEAK = YES;
				CLANG_WARN_BLOCK_CAPTURE_AUTORELEASING = YES;
				CLANG_WARN_BOOL_CONVERSION = YES;
				CLANG_WARN_COMMA = YES;
				CLANG_WARN_CONSTANT_CONVERSION = YES;
				CLANG_WARN_DEPRECATED_OBJC_IMPLEMENTATIONS = YES;
				CLANG_WARN_DIRECT_OBJC_ISA_USAGE = YES_ERROR;
				CLANG_WARN_DOCUMENTATION_COMMENTS = YES;
				CLANG_WARN_EMPTY_BODY = YES;
				CLANG_WARN_ENUM_CONVERSION = YES;
				CLANG_WARN_INFINITE_RECURSION = YES;
				CLANG_WARN_INT_CONVERSION = YES;
				CLANG_WARN_NON_LITERAL_NULL_CONVERSION = YES;
				CLANG_WARN_OBJC_IMPLICIT_RETAIN_SELF = YES;
				CLANG_WARN_OBJC_LITERAL_CONVERSION = YES;
				CLANG_WARN_OBJC_ROOT_CLASS = YES_ERROR;
				CLANG_WARN_QUOTED_INCLUDE_IN_FRAMEWORK_HEADER = YES;
				CLANG_WARN_RANGE_LOOP_ANALYSIS = YES;
				CLANG_WARN_STRICT_PROTOTYPES = YES;
				CLANG_WARN_SUSPICIOUS_MOVE = YES;
				CLANG_WARN_UNGUARDED_AVAILABILITY = YES_AGGRESSIVE;
				CLANG_WARN_UNREACHABLE_CODE = YES;
				CLANG_WARN__DUPLICATE_METHOD_MATCH = YES;
				COPY_PHASE_STRIP = NO;
				DEBUG_INFORMATION_FORMAT = dwarf;
				ENABLE_STRICT_OBJC_MSGSEND = YES;
				ENABLE_TESTABILITY = YES;
				GCC_C_LANGUAGE_STANDARD = gnu11;
				GCC_DYNAMIC_NO_PIC = NO;
				GCC_NO_COMMON_BLOCKS = YES;
				GCC_OPTIMIZATION_LEVEL = 0;
				GCC_PREPROCESSOR_DEFINITIONS = (
					"DEBUG=1",
					"$(inherited)",
				);
				GCC_WARN_64_TO_32_BIT_CONVERSION = YES;
				GCC_WARN_ABOUT_RETURN_TYPE = YES_ERROR;
				GCC_WARN_UNDECLARED_SELECTOR = YES;
				GCC_WARN_UNINITIALIZED_AUTOS = YES_AGGRESSIVE;
				GCC_WARN_UNUSED_FUNCTION = YES;
				GCC_WARN_UNUSED_VARIABLE = YES;
				IPHONEOS_DEPLOYMENT_TARGET = 15.0;
				MTL_ENABLE_DEBUG_INFO = INCLUDE_SOURCE;
				MTL_FAST_MATH = YES;
				ONLY_ACTIVE_ARCH = YES;
				SDKROOT = iphoneos;
				SWIFT_ACTIVE_COMPILATION_CONDITIONS = DEBUG;
				SWIFT_OPTIMIZATION_LEVEL = "-Onone";
			};
			name = Debug;
		};
		347E0DD62777834000A26C8A /* Release */ = {
			isa = XCBuildConfiguration;
			buildSettings = {
				ALWAYS_SEARCH_USER_PATHS = NO;
				CLANG_ANALYZER_NONNULL = YES;
				CLANG_ANALYZER_NUMBER_OBJECT_CONVERSION = YES_AGGRESSIVE;
				CLANG_CXX_LANGUAGE_STANDARD = "gnu++17";
				CLANG_CXX_LIBRARY = "libc++";
				CLANG_ENABLE_MODULES = YES;
				CLANG_ENABLE_OBJC_ARC = YES;
				CLANG_ENABLE_OBJC_WEAK = YES;
				CLANG_WARN_BLOCK_CAPTURE_AUTORELEASING = YES;
				CLANG_WARN_BOOL_CONVERSION = YES;
				CLANG_WARN_COMMA = YES;
				CLANG_WARN_CONSTANT_CONVERSION = YES;
				CLANG_WARN_DEPRECATED_OBJC_IMPLEMENTATIONS = YES;
				CLANG_WARN_DIRECT_OBJC_ISA_USAGE = YES_ERROR;
				CLANG_WARN_DOCUMENTATION_COMMENTS = YES;
				CLANG_WARN_EMPTY_BODY = YES;
				CLANG_WARN_ENUM_CONVERSION = YES;
				CLANG_WARN_INFINITE_RECURSION = YES;
				CLANG_WARN_INT_CONVERSION = YES;
				CLANG_WARN_NON_LITERAL_NULL_CONVERSION = YES;
				CLANG_WARN_OBJC_IMPLICIT_RETAIN_SELF = YES;
				CLANG_WARN_OBJC_LITERAL_CONVERSION = YES;
				CLANG_WARN_OBJC_ROOT_CLASS = YES_ERROR;
				CLANG_WARN_QUOTED_INCLUDE_IN_FRAMEWORK_HEADER = YES;
				CLANG_WARN_RANGE_LOOP_ANALYSIS = YES;
				CLANG_WARN_STRICT_PROTOTYPES = YES;
				CLANG_WARN_SUSPICIOUS_MOVE = YES;
				CLANG_WARN_UNGUARDED_AVAILABILITY = YES_AGGRESSIVE;
				CLANG_WARN_UNREACHABLE_CODE = YES;
				CLANG_WARN__DUPLICATE_METHOD_MATCH = YES;
				COPY_PHASE_STRIP = NO;
				DEBUG_INFORMATION_FORMAT = "dwarf-with-dsym";
				ENABLE_NS_ASSERTIONS = NO;
				ENABLE_STRICT_OBJC_MSGSEND = YES;
				GCC_C_LANGUAGE_STANDARD = gnu11;
				GCC_NO_COMMON_BLOCKS = YES;
				GCC_WARN_64_TO_32_BIT_CONVERSION = YES;
				GCC_WARN_ABOUT_RETURN_TYPE = YES_ERROR;
				GCC_WARN_UNDECLARED_SELECTOR = YES;
				GCC_WARN_UNINITIALIZED_AUTOS = YES_AGGRESSIVE;
				GCC_WARN_UNUSED_FUNCTION = YES;
				GCC_WARN_UNUSED_VARIABLE = YES;
				IPHONEOS_DEPLOYMENT_TARGET = 15.0;
				MTL_ENABLE_DEBUG_INFO = NO;
				MTL_FAST_MATH = YES;
				SDKROOT = iphoneos;
				SWIFT_COMPILATION_MODE = wholemodule;
				SWIFT_OPTIMIZATION_LEVEL = "-O";
				VALIDATE_PRODUCT = YES;
			};
			name = Release;
		};
		347E0DD82777834000A26C8A /* Debug */ = {
			isa = XCBuildConfiguration;
			baseConfigurationReference = 462551541ED4C432FAAF890E /* Pods-CryptoFolio.debug.xcconfig */;
			buildSettings = {
				ASSETCATALOG_COMPILER_APPICON_NAME = AppIcon;
				ASSETCATALOG_COMPILER_GLOBAL_ACCENT_COLOR_NAME = AccentColor;
				CODE_SIGN_STYLE = Automatic;
				CURRENT_PROJECT_VERSION = 1;
				DEVELOPMENT_ASSET_PATHS = "\"CryptoFolio/Preview Content\"";
				DEVELOPMENT_TEAM = X8KDF4A66U;
				ENABLE_PREVIEWS = YES;
				GENERATE_INFOPLIST_FILE = YES;
				INFOPLIST_KEY_UIApplicationSceneManifest_Generation = YES;
				INFOPLIST_KEY_UIApplicationSupportsIndirectInputEvents = YES;
				INFOPLIST_KEY_UILaunchScreen_Generation = YES;
				INFOPLIST_KEY_UISupportedInterfaceOrientations_iPad = "UIInterfaceOrientationPortrait UIInterfaceOrientationPortraitUpsideDown UIInterfaceOrientationLandscapeLeft UIInterfaceOrientationLandscapeRight";
				INFOPLIST_KEY_UISupportedInterfaceOrientations_iPhone = "UIInterfaceOrientationPortrait UIInterfaceOrientationLandscapeLeft UIInterfaceOrientationLandscapeRight";
				IPHONEOS_DEPLOYMENT_TARGET = 14.0;
				LD_RUNPATH_SEARCH_PATHS = (
					"$(inherited)",
					"@executable_path/Frameworks",
				);
				MARKETING_VERSION = 1.0;
				PRODUCT_BUNDLE_IDENTIFIER = edu.hogent.student.vandeneynde.niels.CryptoFolio;
				PRODUCT_NAME = "$(TARGET_NAME)";
				SWIFT_EMIT_LOC_STRINGS = YES;
				SWIFT_VERSION = 5.0;
				TARGETED_DEVICE_FAMILY = "1,2";
			};
			name = Debug;
		};
		347E0DD92777834000A26C8A /* Release */ = {
			isa = XCBuildConfiguration;
			baseConfigurationReference = E684D1B2870E6A5330F6F45C /* Pods-CryptoFolio.release.xcconfig */;
			buildSettings = {
				ASSETCATALOG_COMPILER_APPICON_NAME = AppIcon;
				ASSETCATALOG_COMPILER_GLOBAL_ACCENT_COLOR_NAME = AccentColor;
				CODE_SIGN_STYLE = Automatic;
				CURRENT_PROJECT_VERSION = 1;
				DEVELOPMENT_ASSET_PATHS = "\"CryptoFolio/Preview Content\"";
				DEVELOPMENT_TEAM = X8KDF4A66U;
				ENABLE_PREVIEWS = YES;
				GENERATE_INFOPLIST_FILE = YES;
				INFOPLIST_KEY_UIApplicationSceneManifest_Generation = YES;
				INFOPLIST_KEY_UIApplicationSupportsIndirectInputEvents = YES;
				INFOPLIST_KEY_UILaunchScreen_Generation = YES;
				INFOPLIST_KEY_UISupportedInterfaceOrientations_iPad = "UIInterfaceOrientationPortrait UIInterfaceOrientationPortraitUpsideDown UIInterfaceOrientationLandscapeLeft UIInterfaceOrientationLandscapeRight";
				INFOPLIST_KEY_UISupportedInterfaceOrientations_iPhone = "UIInterfaceOrientationPortrait UIInterfaceOrientationLandscapeLeft UIInterfaceOrientationLandscapeRight";
				IPHONEOS_DEPLOYMENT_TARGET = 14.0;
				LD_RUNPATH_SEARCH_PATHS = (
					"$(inherited)",
					"@executable_path/Frameworks",
				);
				MARKETING_VERSION = 1.0;
				PRODUCT_BUNDLE_IDENTIFIER = edu.hogent.student.vandeneynde.niels.CryptoFolio;
				PRODUCT_NAME = "$(TARGET_NAME)";
				SWIFT_EMIT_LOC_STRINGS = YES;
				SWIFT_VERSION = 5.0;
				TARGETED_DEVICE_FAMILY = "1,2";
			};
			name = Release;
		};
/* End XCBuildConfiguration section */

/* Begin XCConfigurationList section */
		347E0DC42777833E00A26C8A /* Build configuration list for PBXProject "CryptoFolio" */ = {
			isa = XCConfigurationList;
			buildConfigurations = (
				347E0DD52777834000A26C8A /* Debug */,
				347E0DD62777834000A26C8A /* Release */,
			);
			defaultConfigurationIsVisible = 0;
			defaultConfigurationName = Release;
		};
		347E0DD72777834000A26C8A /* Build configuration list for PBXNativeTarget "CryptoFolio" */ = {
			isa = XCConfigurationList;
			buildConfigurations = (
				347E0DD82777834000A26C8A /* Debug */,
				347E0DD92777834000A26C8A /* Release */,
			);
			defaultConfigurationIsVisible = 0;
			defaultConfigurationName = Release;
		};
/* End XCConfigurationList section */

/* Begin XCSwiftPackageProductDependency section */
		34119B752786654C00C9042F /* SwiftUICharts */ = {
			isa = XCSwiftPackageProductDependency;
			productName = SwiftUICharts;
		};
/* End XCSwiftPackageProductDependency section */
	};
	rootObject = 347E0DC12777833E00A26C8A /* Project object */;
}
